
Microsoft Visual Studio Solution File, Format Version 12.00
# Visual Studio Version 17
VisualStudioVersion = 17.2.32630.192
MinimumVisualStudioVersion = 10.0.40219.1
Project("{9A19103F-16F7-4668-BE54-9A1E7A4F7556}") = "F10Y.Z0011.Construction", "F10Y.Z0011.Construction\F10Y.Z0011.Construction.csproj", "{8B127E44-DB60-4916-B1DD-550C78439F4C}"
EndProject
Project("{9A19103F-16F7-4668-BE54-9A1E7A4F7556}") = "F10Y.Z0011", "F10Y.Z0011\F10Y.Z0011.csproj", "{F5C59636-0960-4EFA-8AA3-3081F617CD26}"
EndProject
Project("{9A19103F-16F7-4668-BE54-9A1E7A4F7556}") = "F10Y.Z0011.Z001", "F10Y.Z0011.Z001\F10Y.Z0011.Z001.csproj", "{111A3C5F-20D3-4E91-94F2-E54DA7C53F91}"
EndProject
Project("{2150E333-8FDC-42A3-9474-1A3956D46DE8}") = "_Dependencies", "_Dependencies", "{901D2F80-4F03-4FF5-AB83-758C7F7487F1}"
EndProject
Project("{9A19103F-16F7-4668-BE54-9A1E7A4F7556}") = "F10Y.L0000", "..\..\F10Y.L0000\source\F10Y.L0000\F10Y.L0000.csproj", "{E3AA54F4-6314-4D1D-AC1B-4166C964BA71}"
EndProject
Project("{9A19103F-16F7-4668-BE54-9A1E7A4F7556}") = "F10Y.T0000", "..\..\F10Y.T0000\source\F10Y.T0000\F10Y.T0000.csproj", "{9F48FF81-A09D-45AD-897C-04360CD7ABFD}"
EndProject
Project("{9A19103F-16F7-4668-BE54-9A1E7A4F7556}") = "F10Y.T0001", "..\..\F10Y.T0001\source\F10Y.T0001\F10Y.T0001.csproj", "{4A333B9F-96CF-48C0-96DF-196606628601}"
EndProject
Project("{9A19103F-16F7-4668-BE54-9A1E7A4F7556}") = "F10Y.T0002", "..\..\F10Y.T0002\source\F10Y.T0002\F10Y.T0002.csproj", "{E426AF71-737B-40E0-8B66-028CBDA86A24}"
EndProject
Project("{9A19103F-16F7-4668-BE54-9A1E7A4F7556}") = "F10Y.T0003", "..\..\F10Y.T0003\source\F10Y.T0003\F10Y.T0003.csproj", "{3705F7F2-5CC4-4920-B71A-952D66450C71}"
EndProject
Project("{9A19103F-16F7-4668-BE54-9A1E7A4F7556}") = "F10Y.T0011", "..\..\F10Y.T0011\source\F10Y.T0011\F10Y.T0011.csproj", "{45FD3FF7-4796-491A-9BE1-7AD002DAB5B2}"
EndProject
Project("{9A19103F-16F7-4668-BE54-9A1E7A4F7556}") = "F10Y.Y0000", "..\..\F10Y.Y0000\source\F10Y.Y0000\F10Y.Y0000.csproj", "{68927D6D-8543-4F4A-B82E-CA727D030FCE}"
EndProject
Project("{9A19103F-16F7-4668-BE54-9A1E7A4F7556}") = "F10Y.L0001.L000", "..\..\F10Y.L0001\source\F10Y.L0001.L000\F10Y.L0001.L000.csproj", "{CA862346-2F9D-4941-93AF-5DAE10648320}"
EndProject
Project("{9A19103F-16F7-4668-BE54-9A1E7A4F7556}") = "F10Y.L0001.L001", "..\..\F10Y.L0001\source\F10Y.L0001.L001\F10Y.L0001.L001.csproj", "{F8893962-E7F7-49E1-9C20-E3A333F4584C}"
EndProject
Project("{9A19103F-16F7-4668-BE54-9A1E7A4F7556}") = "F10Y.L0001.L002", "..\..\F10Y.L0001\source\F10Y.L0001.L002\F10Y.L0001.L002.csproj", "{8CA2BFDF-6013-4D9F-8341-6E1966B13265}"
EndProject
Project("{9A19103F-16F7-4668-BE54-9A1E7A4F7556}") = "F10Y.L0001.T000", "..\..\F10Y.L0001\source\F10Y.L0001.T000\F10Y.L0001.T000.csproj", "{0E7732A5-8A20-4EBC-ABB3-AB58E725072E}"
EndProject
Project("{9A19103F-16F7-4668-BE54-9A1E7A4F7556}") = "F10Y.L0001.X000", "..\..\F10Y.L0001\source\F10Y.L0001.X000\F10Y.L0001.X000.csproj", "{2CAFD2F9-758E-48F8-BC2A-6A797EA77D66}"
EndProject
Project("{9A19103F-16F7-4668-BE54-9A1E7A4F7556}") = "F10Y.L0001.Z000", "..\..\F10Y.L0001\source\F10Y.L0001.Z000\F10Y.L0001.Z000.csproj", "{20C68195-B1B2-482E-A95E-6C6C78217E6A}"
EndProject
Project("{9A19103F-16F7-4668-BE54-9A1E7A4F7556}") = "F10Y.L0001", "..\..\F10Y.L0001\source\F10Y.L0001\F10Y.L0001.csproj", "{DAD4DA7B-5DC5-4372-8AA6-5667B49E7345}"
EndProject
Project("{9A19103F-16F7-4668-BE54-9A1E7A4F7556}") = "F10Y.L0004.L000", "..\..\F10Y.L0004\source\F10Y.L0004.L000\F10Y.L0004.L000.csproj", "{8DD18C1E-3B4C-4308-B770-D29242D9492C}"
EndProject
Project("{9A19103F-16F7-4668-BE54-9A1E7A4F7556}") = "F10Y.T0004", "..\..\F10Y.T0004\source\F10Y.T0004\F10Y.T0004.csproj", "{8ACB7422-C58C-49C8-B091-33D03898BB51}"
EndProject
Project("{9A19103F-16F7-4668-BE54-9A1E7A4F7556}") = "F10Y.L0019", "..\..\F10Y.L0019\source\F10Y.L0019\F10Y.L0019.csproj", "{F11D9D65-49B7-4908-9EB6-73B62EDF33EE}"
EndProject
Global
	GlobalSection(NestedProjects) = preSolution
		{E3AA54F4-6314-4D1D-AC1B-4166C964BA71} = {901D2F80-4F03-4FF5-AB83-758C7F7487F1}
		{9F48FF81-A09D-45AD-897C-04360CD7ABFD} = {901D2F80-4F03-4FF5-AB83-758C7F7487F1}
		{4A333B9F-96CF-48C0-96DF-196606628601} = {901D2F80-4F03-4FF5-AB83-758C7F7487F1}
		{E426AF71-737B-40E0-8B66-028CBDA86A24} = {901D2F80-4F03-4FF5-AB83-758C7F7487F1}
		{3705F7F2-5CC4-4920-B71A-952D66450C71} = {901D2F80-4F03-4FF5-AB83-758C7F7487F1}
		{45FD3FF7-4796-491A-9BE1-7AD002DAB5B2} = {901D2F80-4F03-4FF5-AB83-758C7F7487F1}
		{68927D6D-8543-4F4A-B82E-CA727D030FCE} = {901D2F80-4F03-4FF5-AB83-758C7F7487F1}
		{CA862346-2F9D-4941-93AF-5DAE10648320} = {901D2F80-4F03-4FF5-AB83-758C7F7487F1}
		{F8893962-E7F7-49E1-9C20-E3A333F4584C} = {901D2F80-4F03-4FF5-AB83-758C7F7487F1}
		{8CA2BFDF-6013-4D9F-8341-6E1966B13265} = {901D2F80-4F03-4FF5-AB83-758C7F7487F1}
		{0E7732A5-8A20-4EBC-ABB3-AB58E725072E} = {901D2F80-4F03-4FF5-AB83-758C7F7487F1}
		{2CAFD2F9-758E-48F8-BC2A-6A797EA77D66} = {901D2F80-4F03-4FF5-AB83-758C7F7487F1}
		{20C68195-B1B2-482E-A95E-6C6C78217E6A} = {901D2F80-4F03-4FF5-AB83-758C7F7487F1}
		{DAD4DA7B-5DC5-4372-8AA6-5667B49E7345} = {901D2F80-4F03-4FF5-AB83-758C7F7487F1}
		{8DD18C1E-3B4C-4308-B770-D29242D9492C} = {901D2F80-4F03-4FF5-AB83-758C7F7487F1}
		{8ACB7422-C58C-49C8-B091-33D03898BB51} = {901D2F80-4F03-4FF5-AB83-758C7F7487F1}
		{F11D9D65-49B7-4908-9EB6-73B62EDF33EE} = {901D2F80-4F03-4FF5-AB83-758C7F7487F1}
	EndGlobalSection
	GlobalSection(SolutionConfigurationPlatforms) = preSolution
		Debug|Any CPU = Debug|Any CPU
		Release|Any CPU = Release|Any CPU
	EndGlobalSection
	GlobalSection(ProjectConfigurationPlatforms) = postSolution
		{8B127E44-DB60-4916-B1DD-550C78439F4C}.Debug|Any CPU.ActiveCfg = Debug|Any CPU
		{8B127E44-DB60-4916-B1DD-550C78439F4C}.Debug|Any CPU.Build.0 = Debug|Any CPU
		{8B127E44-DB60-4916-B1DD-550C78439F4C}.Release|Any CPU.ActiveCfg = Release|Any CPU
		{8B127E44-DB60-4916-B1DD-550C78439F4C}.Release|Any CPU.Build.0 = Release|Any CPU
		{F5C59636-0960-4EFA-8AA3-3081F617CD26}.Debug|Any CPU.ActiveCfg = Debug|Any CPU
		{F5C59636-0960-4EFA-8AA3-3081F617CD26}.Debug|Any CPU.Build.0 = Debug|Any CPU
		{F5C59636-0960-4EFA-8AA3-3081F617CD26}.Release|Any CPU.ActiveCfg = Release|Any CPU
		{F5C59636-0960-4EFA-8AA3-3081F617CD26}.Release|Any CPU.Build.0 = Release|Any CPU
		{111A3C5F-20D3-4E91-94F2-E54DA7C53F91}.Debug|Any CPU.ActiveCfg = Debug|Any CPU
		{111A3C5F-20D3-4E91-94F2-E54DA7C53F91}.Debug|Any CPU.Build.0 = Debug|Any CPU
		{111A3C5F-20D3-4E91-94F2-E54DA7C53F91}.Release|Any CPU.ActiveCfg = Release|Any CPU
		{111A3C5F-20D3-4E91-94F2-E54DA7C53F91}.Release|Any CPU.Build.0 = Release|Any CPU
		{E3AA54F4-6314-4D1D-AC1B-4166C964BA71}.Debug|Any CPU.ActiveCfg = Debug|Any CPU
		{E3AA54F4-6314-4D1D-AC1B-4166C964BA71}.Debug|Any CPU.Build.0 = Debug|Any CPU
		{E3AA54F4-6314-4D1D-AC1B-4166C964BA71}.Release|Any CPU.ActiveCfg = Release|Any CPU
		{E3AA54F4-6314-4D1D-AC1B-4166C964BA71}.Release|Any CPU.Build.0 = Release|Any CPU
		{9F48FF81-A09D-45AD-897C-04360CD7ABFD}.Debug|Any CPU.ActiveCfg = Debug|Any CPU
		{9F48FF81-A09D-45AD-897C-04360CD7ABFD}.Debug|Any CPU.Build.0 = Debug|Any CPU
		{9F48FF81-A09D-45AD-897C-04360CD7ABFD}.Release|Any CPU.ActiveCfg = Release|Any CPU
		{9F48FF81-A09D-45AD-897C-04360CD7ABFD}.Release|Any CPU.Build.0 = Release|Any CPU
		{4A333B9F-96CF-48C0-96DF-196606628601}.Debug|Any CPU.ActiveCfg = Debug|Any CPU
		{4A333B9F-96CF-48C0-96DF-196606628601}.Debug|Any CPU.Build.0 = Debug|Any CPU
		{4A333B9F-96CF-48C0-96DF-196606628601}.Release|Any CPU.ActiveCfg = Release|Any CPU
		{4A333B9F-96CF-48C0-96DF-196606628601}.Release|Any CPU.Build.0 = Release|Any CPU
		{E426AF71-737B-40E0-8B66-028CBDA86A24}.Debug|Any CPU.ActiveCfg = Debug|Any CPU
		{E426AF71-737B-40E0-8B66-028CBDA86A24}.Debug|Any CPU.Build.0 = Debug|Any CPU
		{E426AF71-737B-40E0-8B66-028CBDA86A24}.Release|Any CPU.ActiveCfg = Release|Any CPU
		{E426AF71-737B-40E0-8B66-028CBDA86A24}.Release|Any CPU.Build.0 = Release|Any CPU
		{3705F7F2-5CC4-4920-B71A-952D66450C71}.Debug|Any CPU.ActiveCfg = Debug|Any CPU
		{3705F7F2-5CC4-4920-B71A-952D66450C71}.Debug|Any CPU.Build.0 = Debug|Any CPU
		{3705F7F2-5CC4-4920-B71A-952D66450C71}.Release|Any CPU.ActiveCfg = Release|Any CPU
		{3705F7F2-5CC4-4920-B71A-952D66450C71}.Release|Any CPU.Build.0 = Release|Any CPU
		{45FD3FF7-4796-491A-9BE1-7AD002DAB5B2}.Debug|Any CPU.ActiveCfg = Debug|Any CPU
		{45FD3FF7-4796-491A-9BE1-7AD002DAB5B2}.Debug|Any CPU.Build.0 = Debug|Any CPU
		{45FD3FF7-4796-491A-9BE1-7AD002DAB5B2}.Release|Any CPU.ActiveCfg = Release|Any CPU
		{45FD3FF7-4796-491A-9BE1-7AD002DAB5B2}.Release|Any CPU.Build.0 = Release|Any CPU
		{68927D6D-8543-4F4A-B82E-CA727D030FCE}.Debug|Any CPU.ActiveCfg = Debug|Any CPU
		{68927D6D-8543-4F4A-B82E-CA727D030FCE}.Debug|Any CPU.Build.0 = Debug|Any CPU
		{68927D6D-8543-4F4A-B82E-CA727D030FCE}.Release|Any CPU.ActiveCfg = Release|Any CPU
		{68927D6D-8543-4F4A-B82E-CA727D030FCE}.Release|Any CPU.Build.0 = Release|Any CPU
		{CA862346-2F9D-4941-93AF-5DAE10648320}.Debug|Any CPU.ActiveCfg = Debug|Any CPU
		{CA862346-2F9D-4941-93AF-5DAE10648320}.Debug|Any CPU.Build.0 = Debug|Any CPU
		{CA862346-2F9D-4941-93AF-5DAE10648320}.Release|Any CPU.ActiveCfg = Release|Any CPU
		{CA862346-2F9D-4941-93AF-5DAE10648320}.Release|Any CPU.Build.0 = Release|Any CPU
		{F8893962-E7F7-49E1-9C20-E3A333F4584C}.Debug|Any CPU.ActiveCfg = Debug|Any CPU
		{F8893962-E7F7-49E1-9C20-E3A333F4584C}.Debug|Any CPU.Build.0 = Debug|Any CPU
		{F8893962-E7F7-49E1-9C20-E3A333F4584C}.Release|Any CPU.ActiveCfg = Release|Any CPU
		{F8893962-E7F7-49E1-9C20-E3A333F4584C}.Release|Any CPU.Build.0 = Release|Any CPU
		{8CA2BFDF-6013-4D9F-8341-6E1966B13265}.Debug|Any CPU.ActiveCfg = Debug|Any CPU
		{8CA2BFDF-6013-4D9F-8341-6E1966B13265}.Debug|Any CPU.Build.0 = Debug|Any CPU
		{8CA2BFDF-6013-4D9F-8341-6E1966B13265}.Release|Any CPU.ActiveCfg = Release|Any CPU
		{8CA2BFDF-6013-4D9F-8341-6E1966B13265}.Release|Any CPU.Build.0 = Release|Any CPU
		{0E7732A5-8A20-4EBC-ABB3-AB58E725072E}.Debug|Any CPU.ActiveCfg = Debug|Any CPU
		{0E7732A5-8A20-4EBC-ABB3-AB58E725072E}.Debug|Any CPU.Build.0 = Debug|Any CPU
		{0E7732A5-8A20-4EBC-ABB3-AB58E725072E}.Release|Any CPU.ActiveCfg = Release|Any CPU
		{0E7732A5-8A20-4EBC-ABB3-AB58E725072E}.Release|Any CPU.Build.0 = Release|Any CPU
		{2CAFD2F9-758E-48F8-BC2A-6A797EA77D66}.Debug|Any CPU.ActiveCfg = Debug|Any CPU
		{2CAFD2F9-758E-48F8-BC2A-6A797EA77D66}.Debug|Any CPU.Build.0 = Debug|Any CPU
		{2CAFD2F9-758E-48F8-BC2A-6A797EA77D66}.Release|Any CPU.ActiveCfg = Release|Any CPU
		{2CAFD2F9-758E-48F8-BC2A-6A797EA77D66}.Release|Any CPU.Build.0 = Release|Any CPU
		{20C68195-B1B2-482E-A95E-6C6C78217E6A}.Debug|Any CPU.ActiveCfg = Debug|Any CPU
		{20C68195-B1B2-482E-A95E-6C6C78217E6A}.Debug|Any CPU.Build.0 = Debug|Any CPU
		{20C68195-B1B2-482E-A95E-6C6C78217E6A}.Release|Any CPU.ActiveCfg = Release|Any CPU
		{20C68195-B1B2-482E-A95E-6C6C78217E6A}.Release|Any CPU.Build.0 = Release|Any CPU
		{DAD4DA7B-5DC5-4372-8AA6-5667B49E7345}.Debug|Any CPU.ActiveCfg = Debug|Any CPU
		{DAD4DA7B-5DC5-4372-8AA6-5667B49E7345}.Debug|Any CPU.Build.0 = Debug|Any CPU
		{DAD4DA7B-5DC5-4372-8AA6-5667B49E7345}.Release|Any CPU.ActiveCfg = Release|Any CPU
		{DAD4DA7B-5DC5-4372-8AA6-5667B49E7345}.Release|Any CPU.Build.0 = Release|Any CPU
		{8DD18C1E-3B4C-4308-B770-D29242D9492C}.Debug|Any CPU.ActiveCfg = Debug|Any CPU
		{8DD18C1E-3B4C-4308-B770-D29242D9492C}.Debug|Any CPU.Build.0 = Debug|Any CPU
		{8DD18C1E-3B4C-4308-B770-D29242D9492C}.Release|Any CPU.ActiveCfg = Release|Any CPU
		{8DD18C1E-3B4C-4308-B770-D29242D9492C}.Release|Any CPU.Build.0 = Release|Any CPU
		{8ACB7422-C58C-49C8-B091-33D03898BB51}.Debug|Any CPU.ActiveCfg = Debug|Any CPU
		{8ACB7422-C58C-49C8-B091-33D03898BB51}.Debug|Any CPU.Build.0 = Debug|Any CPU
		{8ACB7422-C58C-49C8-B091-33D03898BB51}.Release|Any CPU.ActiveCfg = Release|Any CPU
		{8ACB7422-C58C-49C8-B091-33D03898BB51}.Release|Any CPU.Build.0 = Release|Any CPU
		{F11D9D65-49B7-4908-9EB6-73B62EDF33EE}.Debug|Any CPU.ActiveCfg = Debug|Any CPU
		{F11D9D65-49B7-4908-9EB6-73B62EDF33EE}.Debug|Any CPU.Build.0 = Debug|Any CPU
		{F11D9D65-49B7-4908-9EB6-73B62EDF33EE}.Release|Any CPU.ActiveCfg = Release|Any CPU
		{F11D9D65-49B7-4908-9EB6-73B62EDF33EE}.Release|Any CPU.Build.0 = Release|Any CPU
	EndGlobalSection
	GlobalSection(SolutionProperties) = preSolution
		HideSolutionNode = FALSE
	EndGlobalSection
	GlobalSection(ExtensibilityGlobals) = postSolution
		SolutionGuid = {6927E0E5-014D-4281-85A9-C67160A13DA5}
	EndGlobalSection
EndGlobal
